
Microsoft Visual Studio Solution File, Format Version 12.00
Project("{FAE04EC0-301F-11D3-BF4B-00C04F79EFBC}") = "Demo01_Core", "Demo01_Core\Demo01_Core.csproj", "{EC23EE4C-07F8-4659-AD8D-9FB16A01AC8C}"
EndProject
Project("{FAE04EC0-301F-11D3-BF4B-00C04F79EFBC}") = "Demo01_Test", "Demo01_Test\Demo01_Test.csproj", "{5CD2E8D2-6675-4615-B2AC-F5D3089A9C08}"
EndProject
Global
	GlobalSection(SolutionConfigurationPlatforms) = preSolution
		Debug|Any CPU = Debug|Any CPU
		Release|Any CPU = Release|Any CPU
	EndGlobalSection
	GlobalSection(ProjectConfigurationPlatforms) = postSolution
		{EC23EE4C-07F8-4659-AD8D-9FB16A01AC8C}.Debug|Any CPU.ActiveCfg = Debug|Any CPU
		{EC23EE4C-07F8-4659-AD8D-9FB16A01AC8C}.Debug|Any CPU.Build.0 = Debug|Any CPU
		{EC23EE4C-07F8-4659-AD8D-9FB16A01AC8C}.Release|Any CPU.ActiveCfg = Release|Any CPU
		{EC23EE4C-07F8-4659-AD8D-9FB16A01AC8C}.Release|Any CPU.Build.0 = Release|Any CPU
		{5CD2E8D2-6675-4615-B2AC-F5D3089A9C08}.Debug|Any CPU.ActiveCfg = Debug|Any CPU
		{5CD2E8D2-6675-4615-B2AC-F5D3089A9C08}.Debug|Any CPU.Build.0 = Debug|Any CPU
		{5CD2E8D2-6675-4615-B2AC-F5D3089A9C08}.Release|Any CPU.ActiveCfg = Release|Any CPU
		{5CD2E8D2-6675-4615-B2AC-F5D3089A9C08}.Release|Any CPU.Build.0 = Release|Any CPU
	EndGlobalSection
EndGlobal
